
Microsoft Visual Studio Solution File, Format Version 12.00
# Visual Studio 15
VisualStudioVersion = 15.0.28307.329
MinimumVisualStudioVersion = 10.0.40219.1
Project("{9A19103F-16F7-4668-BE54-9A1E7A4F7556}") = "Multiples of 3 and 5", "ProjectEuler\Multiples of 3 and 5.csproj", "{9E00B07C-4DA5-42C4-A6F7-0E33C79E7D3F}"
EndProject
Project("{9A19103F-16F7-4668-BE54-9A1E7A4F7556}") = "Even Fibonacci numbers", "Even Fibonacci numbers\Even Fibonacci numbers.csproj", "{3375E7AE-D0BF-4668-B20E-EF35A5A454E4}"
EndProject
Project("{9A19103F-16F7-4668-BE54-9A1E7A4F7556}") = "Largest prime factor (3)", "Largest prime factor\Largest prime factor (3).csproj", "{E7FC5CE6-4D47-4048-9ADE-29145ACD9F03}"
EndProject
Project("{9A19103F-16F7-4668-BE54-9A1E7A4F7556}") = "Largest palindrome product", "Largest palindrome product\Largest palindrome product.csproj", "{77B84298-FBC4-44F4-927D-F465BF7F8357}"
EndProject
Project("{FAE04EC0-301F-11D3-BF4B-00C04F79EFBC}") = "Smallest multiple", "Smallest multiple\Smallest multiple.csproj", "{154119DD-FAC4-440F-A012-5B65EAE5A2F9}"
EndProject
Project("{FAE04EC0-301F-11D3-BF4B-00C04F79EFBC}") = "Sum square difference (6)", "Sum square difference (6)\Sum square difference (6).csproj", "{897B28C6-6909-4FC7-BAD4-6D5F5E03837F}"
EndProject
Project("{FAE04EC0-301F-11D3-BF4B-00C04F79EFBC}") = "10001st prime (7)", "10001st prime (7)\10001st prime (7).csproj", "{35745C73-0F36-4AE5-B749-EE3C65A71EF9}"
EndProject
Project("{FAE04EC0-301F-11D3-BF4B-00C04F79EFBC}") = "Common", "Common\Common.csproj", "{D35A3C0C-B559-41E9-B73B-1ADA2C0FDB39}"
EndProject
Global
	GlobalSection(SolutionConfigurationPlatforms) = preSolution
		Debug|Any CPU = Debug|Any CPU
		Release|Any CPU = Release|Any CPU
	EndGlobalSection
	GlobalSection(ProjectConfigurationPlatforms) = postSolution
		{9E00B07C-4DA5-42C4-A6F7-0E33C79E7D3F}.Debug|Any CPU.ActiveCfg = Debug|Any CPU
		{9E00B07C-4DA5-42C4-A6F7-0E33C79E7D3F}.Debug|Any CPU.Build.0 = Debug|Any CPU
		{9E00B07C-4DA5-42C4-A6F7-0E33C79E7D3F}.Release|Any CPU.ActiveCfg = Release|Any CPU
		{9E00B07C-4DA5-42C4-A6F7-0E33C79E7D3F}.Release|Any CPU.Build.0 = Release|Any CPU
		{3375E7AE-D0BF-4668-B20E-EF35A5A454E4}.Debug|Any CPU.ActiveCfg = Debug|Any CPU
		{3375E7AE-D0BF-4668-B20E-EF35A5A454E4}.Debug|Any CPU.Build.0 = Debug|Any CPU
		{3375E7AE-D0BF-4668-B20E-EF35A5A454E4}.Release|Any CPU.ActiveCfg = Release|Any CPU
		{3375E7AE-D0BF-4668-B20E-EF35A5A454E4}.Release|Any CPU.Build.0 = Release|Any CPU
		{E7FC5CE6-4D47-4048-9ADE-29145ACD9F03}.Debug|Any CPU.ActiveCfg = Debug|Any CPU
		{E7FC5CE6-4D47-4048-9ADE-29145ACD9F03}.Debug|Any CPU.Build.0 = Debug|Any CPU
		{E7FC5CE6-4D47-4048-9ADE-29145ACD9F03}.Release|Any CPU.ActiveCfg = Release|Any CPU
		{E7FC5CE6-4D47-4048-9ADE-29145ACD9F03}.Release|Any CPU.Build.0 = Release|Any CPU
		{77B84298-FBC4-44F4-927D-F465BF7F8357}.Debug|Any CPU.ActiveCfg = Debug|Any CPU
		{77B84298-FBC4-44F4-927D-F465BF7F8357}.Debug|Any CPU.Build.0 = Debug|Any CPU
		{77B84298-FBC4-44F4-927D-F465BF7F8357}.Release|Any CPU.ActiveCfg = Release|Any CPU
		{77B84298-FBC4-44F4-927D-F465BF7F8357}.Release|Any CPU.Build.0 = Release|Any CPU
		{154119DD-FAC4-440F-A012-5B65EAE5A2F9}.Debug|Any CPU.ActiveCfg = Debug|Any CPU
		{154119DD-FAC4-440F-A012-5B65EAE5A2F9}.Debug|Any CPU.Build.0 = Debug|Any CPU
		{154119DD-FAC4-440F-A012-5B65EAE5A2F9}.Release|Any CPU.ActiveCfg = Release|Any CPU
		{154119DD-FAC4-440F-A012-5B65EAE5A2F9}.Release|Any CPU.Build.0 = Release|Any CPU
		{897B28C6-6909-4FC7-BAD4-6D5F5E03837F}.Debug|Any CPU.ActiveCfg = Debug|Any CPU
		{897B28C6-6909-4FC7-BAD4-6D5F5E03837F}.Debug|Any CPU.Build.0 = Debug|Any CPU
		{897B28C6-6909-4FC7-BAD4-6D5F5E03837F}.Release|Any CPU.ActiveCfg = Release|Any CPU
		{897B28C6-6909-4FC7-BAD4-6D5F5E03837F}.Release|Any CPU.Build.0 = Release|Any CPU
		{35745C73-0F36-4AE5-B749-EE3C65A71EF9}.Debug|Any CPU.ActiveCfg = Debug|Any CPU
		{35745C73-0F36-4AE5-B749-EE3C65A71EF9}.Debug|Any CPU.Build.0 = Debug|Any CPU
		{35745C73-0F36-4AE5-B749-EE3C65A71EF9}.Release|Any CPU.ActiveCfg = Release|Any CPU
		{35745C73-0F36-4AE5-B749-EE3C65A71EF9}.Release|Any CPU.Build.0 = Release|Any CPU
		{D35A3C0C-B559-41E9-B73B-1ADA2C0FDB39}.Debug|Any CPU.ActiveCfg = Debug|Any CPU
		{D35A3C0C-B559-41E9-B73B-1ADA2C0FDB39}.Debug|Any CPU.Build.0 = Debug|Any CPU
		{D35A3C0C-B559-41E9-B73B-1ADA2C0FDB39}.Release|Any CPU.ActiveCfg = Release|Any CPU
		{D35A3C0C-B559-41E9-B73B-1ADA2C0FDB39}.Release|Any CPU.Build.0 = Release|Any CPU
	EndGlobalSection
	GlobalSection(SolutionProperties) = preSolution
		HideSolutionNode = FALSE
	EndGlobalSection
	GlobalSection(ExtensibilityGlobals) = postSolution
		SolutionGuid = {D2D1AD4A-7E27-4256-B454-069CB7AAD408}
	EndGlobalSection
EndGlobal
